<?xml version="1.0" encoding="utf-8"?>
<Project ToolsVersion="4.0" xmlns="http://schemas.microsoft.com/developer/msbuild/2003">
  <ItemGroup>
    <MASM Include="main.asm" />
    <MASM Include="shortcuts.asm" />
    <MASM Include="paint.asm" />
    <MASM Include="tools.asm" />
    <MASM Include="layers.asm" />
    <MASM Include="replay.asm" />
  </ItemGroup>
  <ItemGroup>
    <None Include="resource_icons.inc" />
    <None Include="resource_cursors.inc" />
    <None Include="..\Release\cursors\brush.cur" />
    <None Include="..\Release\cursors\bucket.cur" />
    <None Include="..\Release\cursors\ellipse.cur" />
    <None Include="..\Release\cursors\eraser.cur" />
    <None Include="..\Release\cursors\line.cur" />
    <None Include="..\Release\cursors\move.cur" />
    <None Include="..\Release\cursors\rectangle.cur" />
    <None Include="..\release\cursors\cursor8.cur" />
  </ItemGroup>
  <ItemGroup>
    <ClInclude Include="resource.h" />
  </ItemGroup>
  <ItemGroup>
    <ResourceCompile Include="PladooDraw.rc" />
  </ItemGroup>
  <ItemGroup>
    <Image Include="..\..\..\..\Downloads\PladooDraw.ico" />
    <Image Include="icons\text.ico" />
    <Image Include="icons\brush.ico" />
    <Image Include="icons\ellipse.ico" />
    <Image Include="icons\eraser.ico" />
    <Image Include="icons\line.ico" />
    <Image Include="icons\move.ico" />
    <Image Include="icons\paint_bucket.ico" />
    <Image Include="icons\rectangle.ico" />
  </ItemGroup>
</Project>